
Microsoft Visual Studio Solution File, Format Version 12.00
# Visual Studio Version 16
VisualStudioVersion = 16.0.32126.315
MinimumVisualStudioVersion = 10.0.40219.1
Project("{FAE04EC0-301F-11D3-BF4B-00C04F79EFBC}") = "numerosprimos", "numerosprimos\numerosprimos.csproj", "{47E37EAE-2604-4F1E-95E0-99CCBFF74A04}"
EndProject
Global
	GlobalSection(SolutionConfigurationPlatforms) = preSolution
		Debug|Any CPU = Debug|Any CPU
		Release|Any CPU = Release|Any CPU
	EndGlobalSection
	GlobalSection(ProjectConfigurationPlatforms) = postSolution
		{47E37EAE-2604-4F1E-95E0-99CCBFF74A04}.Debug|Any CPU.ActiveCfg = Debug|Any CPU
		{47E37EAE-2604-4F1E-95E0-99CCBFF74A04}.Debug|Any CPU.Build.0 = Debug|Any CPU
		{47E37EAE-2604-4F1E-95E0-99CCBFF74A04}.Release|Any CPU.ActiveCfg = Release|Any CPU
		{47E37EAE-2604-4F1E-95E0-99CCBFF74A04}.Release|Any CPU.Build.0 = Release|Any CPU
	EndGlobalSection
	GlobalSection(SolutionProperties) = preSolution
		HideSolutionNode = FALSE
	EndGlobalSection
	GlobalSection(ExtensibilityGlobals) = postSolution
		SolutionGuid = {08AAA0FB-7D1B-4D80-A5A0-1C0FE344412B}
	EndGlobalSection
EndGlobal
